// !$*UTF8*$!
{
	archiveVersion = 1;
	classes = {
	};
	objectVersion = 50;
	objects = {

/* Begin PBXBuildFile section */
		8CB8B77D2750C697003C3AAE /* AppDelegate.m in Sources */ = {isa = PBXBuildFile; fileRef = 8CB8B77C2750C697003C3AAE /* AppDelegate.m */; };
		8CB8B7802750C697003C3AAE /* SceneDelegate.m in Sources */ = {isa = PBXBuildFile; fileRef = 8CB8B77F2750C697003C3AAE /* SceneDelegate.m */; };
		8CB8B7832750C697003C3AAE /* ViewController.m in Sources */ = {isa = PBXBuildFile; fileRef = 8CB8B7822750C697003C3AAE /* ViewController.m */; };
		8CB8B7862750C697003C3AAE /* Main.storyboard in Resources */ = {isa = PBXBuildFile; fileRef = 8CB8B7842750C697003C3AAE /* Main.storyboard */; };
		8CB8B7882750C698003C3AAE /* Assets.xcassets in Resources */ = {isa = PBXBuildFile; fileRef = 8CB8B7872750C698003C3AAE /* Assets.xcassets */; };
		8CB8B78B2750C698003C3AAE /* LaunchScreen.storyboard in Resources */ = {isa = PBXBuildFile; fileRef = 8CB8B7892750C698003C3AAE /* LaunchScreen.storyboard */; };
		8CB8B78E2750C698003C3AAE /* main.m in Sources */ = {isa = PBXBuildFile; fileRef = 8CB8B78D2750C698003C3AAE /* main.m */; };
/* End PBXBuildFile section */

/* Begin PBXFileReference section */
		8CB8B7782750C697003C3AAE /* Obj-C-HelloBool.app */ = {isa = PBXFileReference; explicitFileType = wrapper.application; includeInIndex = 0; path = "Obj-C-HelloBool.app"; sourceTree = BUILT_PRODUCTS_DIR; };
		8CB8B77B2750C697003C3AAE /* AppDelegate.h */ = {isa = PBXFileReference; lastKnownFileType = sourcecode.c.h; path = AppDelegate.h; sourceTree = "<group>"; };
		8CB8B77C2750C697003C3AAE /* AppDelegate.m */ = {isa = PBXFileReference; lastKnownFileType = sourcecode.c.objc; path = AppDelegate.m; sourceTree = "<group>"; };
		8CB8B77E2750C697003C3AAE /* SceneDelegate.h */ = {isa = PBXFileReference; lastKnownFileType = sourcecode.c.h; path = SceneDelegate.h; sourceTree = "<group>"; };
		8CB8B77F2750C697003C3AAE /* SceneDelegate.m */ = {isa = PBXFileReference; lastKnownFileType = sourcecode.c.objc; path = SceneDelegate.m; sourceTree = "<group>"; };
		8CB8B7812750C697003C3AAE /* ViewController.h */ = {isa = PBXFileReference; lastKnownFileType = sourcecode.c.h; path = ViewController.h; sourceTree = "<group>"; };
		8CB8B7822750C697003C3AAE /* ViewController.m */ = {isa = PBXFileReference; lastKnownFileType = sourcecode.c.objc; path = ViewController.m; sourceTree = "<group>"; };
		8CB8B7852750C697003C3AAE /* Base */ = {isa = PBXFileReference; lastKnownFileType = file.storyboard; name = Base; path = Base.lproj/Main.storyboard; sourceTree = "<group>"; };
		8CB8B7872750C698003C3AAE /* Assets.xcassets */ = {isa = PBXFileReference; lastKnownFileType = folder.assetcatalog; path = Assets.xcassets; sourceTree = "<group>"; };
		8CB8B78A2750C698003C3AAE /* Base */ = {isa = PBXFileReference; lastKnownFileType = file.storyboard; name = Base; path = Base.lproj/LaunchScreen.storyboard; sourceTree = "<group>"; };
		8CB8B78C2750C698003C3AAE /* Info.plist */ = {isa = PBXFileReference; lastKnownFileType = text.plist.xml; path = Info.plist; sourceTree = "<group>"; };
		8CB8B78D2750C698003C3AAE /* main.m */ = {isa = PBXFileReference; lastKnownFileType = sourcecode.c.objc; path = main.m; sourceTree = "<group>"; };
/* End PBXFileReference section */

/* Begin PBXFrameworksBuildPhase section */
		8CB8B7752750C697003C3AAE /* Frameworks */ = {
			isa = PBXFrameworksBuildPhase;
			buildActionMask = 2147483647;
			files = (
			);
			runOnlyForDeploymentPostprocessing = 0;
		};
/* End PBXFrameworksBuildPhase section */

/* Begin PBXGroup section */
		8CB8B76F2750C697003C3AAE = {
			isa = PBXGroup;
			children = (
				8CB8B77A2750C697003C3AAE /* Obj-C-HelloBool */,
				8CB8B7792750C697003C3AAE /* Products */,
			);
			sourceTree = "<group>";
		};
		8CB8B7792750C697003C3AAE /* Products */ = {
			isa = PBXGroup;
			children = (
				8CB8B7782750C697003C3AAE /* Obj-C-HelloBool.app */,
			);
			name = Products;
			sourceTree = "<group>";
		};
		8CB8B77A2750C697003C3AAE /* Obj-C-HelloBool */ = {
			isa = PBXGroup;
			children = (
				8CB8B77B2750C697003C3AAE /* AppDelegate.h */,
				8CB8B77C2750C697003C3AAE /* AppDelegate.m */,
				8CB8B77E2750C697003C3AAE /* SceneDelegate.h */,
				8CB8B77F2750C697003C3AAE /* SceneDelegate.m */,
				8CB8B7812750C697003C3AAE /* ViewController.h */,
				8CB8B7822750C697003C3AAE /* ViewController.m */,
				8CB8B7842750C697003C3AAE /* Main.storyboard */,
				8CB8B7872750C698003C3AAE /* Assets.xcassets */,
				8CB8B7892750C698003C3AAE /* LaunchScreen.storyboard */,
				8CB8B78C2750C698003C3AAE /* Info.plist */,
				8CB8B78D2750C698003C3AAE /* main.m */,
			);
			path = "Obj-C-HelloBool";
			sourceTree = "<group>";
		};
/* End PBXGroup section */

/* Begin PBXNativeTarget section */
		8CB8B7772750C697003C3AAE /* Obj-C-HelloBool */ = {
			isa = PBXNativeTarget;
			buildConfigurationList = 8CB8B7912750C698003C3AAE /* Build configuration list for PBXNativeTarget "Obj-C-HelloBool" */;
			buildPhases = (
				8CB8B7742750C697003C3AAE /* Sources */,
				8CB8B7752750C697003C3AAE /* Frameworks */,
				8CB8B7762750C697003C3AAE /* Resources */,
			);
			buildRules = (
			);
			dependencies = (
			);
			name = "Obj-C-HelloBool";
			productName = "Obj-C-HelloBool";
			productReference = 8CB8B7782750C697003C3AAE /* Obj-C-HelloBool.app */;
			productType = "com.apple.product-type.application";
		};
/* End PBXNativeTarget section */

/* Begin PBXProject section */
		8CB8B7702750C697003C3AAE /* Project object */ = {
			isa = PBXProject;
			attributes = {
				LastUpgradeCheck = 1200;
				TargetAttributes = {
					8CB8B7772750C697003C3AAE = {
						CreatedOnToolsVersion = 12.0.1;
					};
				};
			};
			buildConfigurationList = 8CB8B7732750C697003C3AAE /* Build configuration list for PBXProject "Obj-C-HelloBool" */;
			compatibilityVersion = "Xcode 9.3";
			developmentRegion = en;
			hasScannedForEncodings = 0;
			knownRegions = (
				en,
				Base,
			);
			mainGroup = 8CB8B76F2750C697003C3AAE;
			productRefGroup = 8CB8B7792750C697003C3AAE /* Products */;
			projectDirPath = "";
			projectRoot = "";
			targets = (
				8CB8B7772750C697003C3AAE /* Obj-C-HelloBool */,
			);
		};
/* End PBXProject section */

/* Begin PBXResourcesBuildPhase section */
		8CB8B7762750C697003C3AAE /* Resources */ = {
			isa = PBXResourcesBuildPhase;
			buildActionMask = 2147483647;
			files = (
				8CB8B78B2750C698003C3AAE /* LaunchScreen.storyboard in Resources */,
				8CB8B7882750C698003C3AAE /* Assets.xcassets in Resources */,
				8CB8B7862750C697003C3AAE /* Main.storyboard in Resources */,
			);
			runOnlyForDeploymentPostprocessing = 0;
		};
/* End PBXResourcesBuildPhase section */

/* Begin PBXSourcesBuildPhase section */
		8CB8B7742750C697003C3AAE /* Sources */ = {
			isa = PBXSourcesBuildPhase;
			buildActionMask = 2147483647;
			files = (
				8CB8B7832750C697003C3AAE /* ViewController.m in Sources */,
				8CB8B77D2750C697003C3AAE /* AppDelegate.m in Sources */,
				8CB8B78E2750C698003C3AAE /* main.m in Sources */,
				8CB8B7802750C697003C3AAE /* SceneDelegate.m in Sources */,
			);
			runOnlyForDeploymentPostprocessing = 0;
		};
/* End PBXSourcesBuildPhase section */

/* Begin PBXVariantGroup section */
		8CB8B7842750C697003C3AAE /* Main.storyboard */ = {
			isa = PBXVariantGroup;
			children = (
				8CB8B7852750C697003C3AAE /* Base */,
			);
			name = Main.storyboard;
			sourceTree = "<group>";
		};
		8CB8B7892750C698003C3AAE /* LaunchScreen.storyboard */ = {
			isa = PBXVariantGroup;
			children = (
				8CB8B78A2750C698003C3AAE /* Base */,
			);
			name = LaunchScreen.storyboard;
			sourceTree = "<group>";
		};
/* End PBXVariantGroup section */

/* Begin XCBuildConfiguration section */
		8CB8B78F2750C698003C3AAE /* Debug */ = {
			isa = XCBuildConfiguration;
			buildSettings = {
				ALWAYS_SEARCH_USER_PATHS = NO;
				CLANG_ANALYZER_NONNULL = YES;
				CLANG_ANALYZER_NUMBER_OBJECT_CONVERSION = YES_AGGRESSIVE;
				CLANG_CXX_LANGUAGE_STANDARD = "gnu++14";
				CLANG_CXX_LIBRARY = "libc++";
				CLANG_ENABLE_MODULES = YES;
				CLANG_ENABLE_OBJC_ARC = YES;
				CLANG_ENABLE_OBJC_WEAK = YES;
				CLANG_WARN_BLOCK_CAPTURE_AUTORELEASING = YES;
				CLANG_WARN_BOOL_CONVERSION = YES;
				CLANG_WARN_COMMA = YES;
				CLANG_WARN_CONSTANT_CONVERSION = YES;
				CLANG_WARN_DEPRECATED_OBJC_IMPLEMENTATIONS = YES;
				CLANG_WARN_DIRECT_OBJC_ISA_USAGE = YES_ERROR;
				CLANG_WARN_DOCUMENTATION_COMMENTS = YES;
				CLANG_WARN_EMPTY_BODY = YES;
				CLANG_WARN_ENUM_CONVERSION = YES;
				CLANG_WARN_INFINITE_RECURSION = YES;
				CLANG_WARN_INT_CONVERSION = YES;
				CLANG_WARN_NON_LITERAL_NULL_CONVERSION = YES;
				CLANG_WARN_OBJC_IMPLICIT_RETAIN_SELF = YES;
				CLANG_WARN_OBJC_LITERAL_CONVERSION = YES;
				CLANG_WARN_OBJC_ROOT_CLASS = YES_ERROR;
				CLANG_WARN_QUOTED_INCLUDE_IN_FRAMEWORK_HEADER = YES;
				CLANG_WARN_RANGE_LOOP_ANALYSIS = YES;
				CLANG_WARN_STRICT_PROTOTYPES = YES;
				CLANG_WARN_SUSPICIOUS_MOVE = YES;
				CLANG_WARN_UNGUARDED_AVAILABILITY = YES_AGGRESSIVE;
				CLANG_WARN_UNREACHABLE_CODE = YES;
				CLANG_WARN__DUPLICATE_METHOD_MATCH = YES;
				COPY_PHASE_STRIP = NO;
				DEBUG_INFORMATION_FORMAT = dwarf;
				ENABLE_STRICT_OBJC_MSGSEND = YES;
				ENABLE_TESTABILITY = YES;
				GCC_C_LANGUAGE_STANDARD = gnu11;
				GCC_DYNAMIC_NO_PIC = NO;
				GCC_NO_COMMON_BLOCKS = YES;
				GCC_OPTIMIZATION_LEVEL = 0;
				GCC_PREPROCESSOR_DEFINITIONS = (
					"DEBUG=1",
					"$(inherited)",
				);
				GCC_WARN_64_TO_32_BIT_CONVERSION = YES;
				GCC_WARN_ABOUT_RETURN_TYPE = YES_ERROR;
				GCC_WARN_UNDECLARED_SELECTOR = YES;
				GCC_WARN_UNINITIALIZED_AUTOS = YES_AGGRESSIVE;
				GCC_WARN_UNUSED_FUNCTION = YES;
				GCC_WARN_UNUSED_VARIABLE = YES;
				IPHONEOS_DEPLOYMENT_TARGET = 14.0;
				MTL_ENABLE_DEBUG_INFO = INCLUDE_SOURCE;
				MTL_FAST_MATH = YES;
				ONLY_ACTIVE_ARCH = YES;
				SDKROOT = iphoneos;
			};
			name = Debug;
		};
		8CB8B7902750C698003C3AAE /* Release */ = {
			isa = XCBuildConfiguration;
			buildSettings = {
				ALWAYS_SEARCH_USER_PATHS = NO;
				CLANG_ANALYZER_NONNULL = YES;
				CLANG_ANALYZER_NUMBER_OBJECT_CONVERSION = YES_AGGRESSIVE;
				CLANG_CXX_LANGUAGE_STANDARD = "gnu++14";
				CLANG_CXX_LIBRARY = "libc++";
				CLANG_ENABLE_MODULES = YES;
				CLANG_ENABLE_OBJC_ARC = YES;
				CLANG_ENABLE_OBJC_WEAK = YES;
				CLANG_WARN_BLOCK_CAPTURE_AUTORELEASING = YES;
				CLANG_WARN_BOOL_CONVERSION = YES;
				CLANG_WARN_COMMA = YES;
				CLANG_WARN_CONSTANT_CONVERSION = YES;
				CLANG_WARN_DEPRECATED_OBJC_IMPLEMENTATIONS = YES;
				CLANG_WARN_DIRECT_OBJC_ISA_USAGE = YES_ERROR;
				CLANG_WARN_DOCUMENTATION_COMMENTS = YES;
				CLANG_WARN_EMPTY_BODY = YES;
				CLANG_WARN_ENUM_CONVERSION = YES;
				CLANG_WARN_INFINITE_RECURSION = YES;
				CLANG_WARN_INT_CONVERSION = YES;
				CLANG_WARN_NON_LITERAL_NULL_CONVERSION = YES;
				CLANG_WARN_OBJC_IMPLICIT_RETAIN_SELF = YES;
				CLANG_WARN_OBJC_LITERAL_CONVERSION = YES;
				CLANG_WARN_OBJC_ROOT_CLASS = YES_ERROR;
				CLANG_WARN_QUOTED_INCLUDE_IN_FRAMEWORK_HEADER = YES;
				CLANG_WARN_RANGE_LOOP_ANALYSIS = YES;
				CLANG_WARN_STRICT_PROTOTYPES = YES;
				CLANG_WARN_SUSPICIOUS_MOVE = YES;
				CLANG_WARN_UNGUARDED_AVAILABILITY = YES_AGGRESSIVE;
				CLANG_WARN_UNREACHABLE_CODE = YES;
				CLANG_WARN__DUPLICATE_METHOD_MATCH = YES;
				COPY_PHASE_STRIP = NO;
				DEBUG_INFORMATION_FORMAT = "dwarf-with-dsym";
				ENABLE_NS_ASSERTIONS = NO;
				ENABLE_STRICT_OBJC_MSGSEND = YES;
				GCC_C_LANGUAGE_STANDARD = gnu11;
				GCC_NO_COMMON_BLOCKS = YES;
				GCC_WARN_64_TO_32_BIT_CONVERSION = YES;
				GCC_WARN_ABOUT_RETURN_TYPE = YES_ERROR;
				GCC_WARN_UNDECLARED_SELECTOR = YES;
				GCC_WARN_UNINITIALIZED_AUTOS = YES_AGGRESSIVE;
				GCC_WARN_UNUSED_FUNCTION = YES;
				GCC_WARN_UNUSED_VARIABLE = YES;
				IPHONEOS_DEPLOYMENT_TARGET = 14.0;
				MTL_ENABLE_DEBUG_INFO = NO;
				MTL_FAST_MATH = YES;
				SDKROOT = iphoneos;
				VALIDATE_PRODUCT = YES;
			};
			name = Release;
		};
		8CB8B7922750C698003C3AAE /* Debug */ = {
			isa = XCBuildConfiguration;
			buildSettings = {
				ASSETCATALOG_COMPILER_APPICON_NAME = AppIcon;
				ASSETCATALOG_COMPILER_GLOBAL_ACCENT_COLOR_NAME = AccentColor;
				CODE_SIGN_STYLE = Automatic;
				DEVELOPMENT_TEAM = GY7BG2G9TC;
				INFOPLIST_FILE = "Obj-C-HelloBool/Info.plist";
				LD_RUNPATH_SEARCH_PATHS = (
					"$(inherited)",
					"@executable_path/Frameworks",
				);
				PRODUCT_BUNDLE_IDENTIFIER = "com.beckos.Obj-C-HelloBool";
				PRODUCT_NAME = "$(TARGET_NAME)";
				TARGETED_DEVICE_FAMILY = "1,2";
			};
			name = Debug;
		};
		8CB8B7932750C698003C3AAE /* Release */ = {
			isa = XCBuildConfiguration;
			buildSettings = {
				ASSETCATALOG_COMPILER_APPICON_NAME = AppIcon;
				ASSETCATALOG_COMPILER_GLOBAL_ACCENT_COLOR_NAME = AccentColor;
				CODE_SIGN_STYLE = Automatic;
				DEVELOPMENT_TEAM = GY7BG2G9TC;
				INFOPLIST_FILE = "Obj-C-HelloBool/Info.plist";
				LD_RUNPATH_SEARCH_PATHS = (
					"$(inherited)",
					"@executable_path/Frameworks",
				);
				PRODUCT_BUNDLE_IDENTIFIER = "com.beckos.Obj-C-HelloBool";
				PRODUCT_NAME = "$(TARGET_NAME)";
				TARGETED_DEVICE_FAMILY = "1,2";
			};
			name = Release;
		};
/* End XCBuildConfiguration section */

/* Begin XCConfigurationList section */
		8CB8B7732750C697003C3AAE /* Build configuration list for PBXProject "Obj-C-HelloBool" */ = {
			isa = XCConfigurationList;
			buildConfigurations = (
				8CB8B78F2750C698003C3AAE /* Debug */,
				8CB8B7902750C698003C3AAE /* Release */,
			);
			defaultConfigurationIsVisible = 0;
			defaultConfigurationName = Release;
		};
		8CB8B7912750C698003C3AAE /* Build configuration list for PBXNativeTarget "Obj-C-HelloBool" */ = {
			isa = XCConfigurationList;
			buildConfigurations = (
				8CB8B7922750C698003C3AAE /* Debug */,
				8CB8B7932750C698003C3AAE /* Release */,
			);
			defaultConfigurationIsVisible = 0;
			defaultConfigurationName = Release;
		};
/* End XCConfigurationList section */
	};
	rootObject = 8CB8B7702750C697003C3AAE /* Project object */;
}
